PODS:
  - battery_plus (1.0.0):
    - Flutter
  - Flutter (1.0.0)
  - geolocator_apple (1.2.0):
    - Flutter
  - location (0.0.1):
    - Flutter
  - permission_handler_apple (9.1.1):
    - Flutter
  - shared_preferences_foundation (0.0.1):
    - Flutter
    - FlutterMacOS
  - workmanager (0.0.1):
    - Flutter

DEPENDENCIES:
  - battery_plus (from `.symlinks/plugins/battery_plus/ios`)
  - Flutter (from `Flutter`)
  - geolocator_apple (from `.symlinks/plugins/geolocator_apple/ios`)
  - location (from `.symlinks/plugins/location/ios`)
  - permission_handler_apple (from `.symlinks/plugins/permission_handler_apple/ios`)
  - shared_preferences_foundation (from `.symlinks/plugins/shared_preferences_foundation/darwin`)
  - workmanager (from `.symlinks/plugins/workmanager/ios`)

EXTERNAL SOURCES:
  battery_plus:
    :path: ".symlinks/plugins/battery_plus/ios"
  Flutter:
    :path: Flutter
  geolocator_apple:
    :path: ".symlinks/plugins/geolocator_apple/ios"
  location:
    :path: ".symlinks/plugins/location/ios"
  permission_handler_apple:
    :path: ".symlinks/plugins/permission_handler_apple/ios"
  shared_preferences_foundation:
    :path: ".symlinks/plugins/shared_preferences_foundation/darwin"
  workmanager:
    :path: ".symlinks/plugins/workmanager/ios"

SPEC CHECKSUMS:
  battery_plus: 091633b7f01cb33dfc4aeedb450816f4d33818fa
  Flutter: f04841e97a9d0b0a8025694d0796dd46242b2854
  geolocator_apple: cc556e6844d508c95df1e87e3ea6fa4e58c50401
  location: d5cf8598915965547c3f36761ae9cc4f4e87d22e
  permission_handler_apple: e76247795d700c14ea09e3a2d8855d41ee80a2e6
  shared_preferences_foundation: 5b919d13b803cadd15ed2dc053125c68730e5126
  workmanager: 0afdcf5628bbde6924c21af7836fed07b42e30e6

PODFILE CHECKSUM: 56d9362fc27e81d837fec616cfed370f48cfd8f5

COCOAPODS: 1.14.2
